
Microsoft Visual Studio Solution File, Format Version 12.00
# Visual Studio Version 17
VisualStudioVersion = 17.0.32112.339
MinimumVisualStudioVersion = 10.0.40219.1
Project("{FAE04EC0-301F-11D3-BF4B-00C04F79EFBC}") = "SuggestionAppUI", "SuggestionAppUI\SuggestionAppUI.csproj", "{AA39DAA7-78A7-4C77-AAB7-2C1B3CB1B1E6}"
EndProject
Project("{FAE04EC0-301F-11D3-BF4B-00C04F79EFBC}") = "SuggestionAppLibrary", "SuggestionAppLibrary\SuggestionAppLibrary.csproj", "{E586751A-E481-43C7-A137-FCF9D674C5BC}"
EndProject
Project("{2150E333-8FDC-42A3-9474-1A3956D46DE8}") = "Solution Items", "Solution Items", "{4AE01590-B788-4F4B-9269-ED9A2BEB6A1F}"
	ProjectSection(SolutionItems) = preProject
		.editorconfig = .editorconfig
	EndProjectSection
EndProject
Global
	GlobalSection(SolutionConfigurationPlatforms) = preSolution
		Debug|Any CPU = Debug|Any CPU
		Release|Any CPU = Release|Any CPU
	EndGlobalSection
	GlobalSection(ProjectConfigurationPlatforms) = postSolution
		{AA39DAA7-78A7-4C77-AAB7-2C1B3CB1B1E6}.Debug|Any CPU.ActiveCfg = Debug|Any CPU
		{AA39DAA7-78A7-4C77-AAB7-2C1B3CB1B1E6}.Debug|Any CPU.Build.0 = Debug|Any CPU
		{AA39DAA7-78A7-4C77-AAB7-2C1B3CB1B1E6}.Release|Any CPU.ActiveCfg = Release|Any CPU
		{AA39DAA7-78A7-4C77-AAB7-2C1B3CB1B1E6}.Release|Any CPU.Build.0 = Release|Any CPU
		{E586751A-E481-43C7-A137-FCF9D674C5BC}.Debug|Any CPU.ActiveCfg = Debug|Any CPU
		{E586751A-E481-43C7-A137-FCF9D674C5BC}.Debug|Any CPU.Build.0 = Debug|Any CPU
		{E586751A-E481-43C7-A137-FCF9D674C5BC}.Release|Any CPU.ActiveCfg = Release|Any CPU
		{E586751A-E481-43C7-A137-FCF9D674C5BC}.Release|Any CPU.Build.0 = Release|Any CPU
	EndGlobalSection
	GlobalSection(SolutionProperties) = preSolution
		HideSolutionNode = FALSE
	EndGlobalSection
	GlobalSection(ExtensibilityGlobals) = postSolution
		SolutionGuid = {D971EFE5-BD33-4574-BFA9-FDE4F38B8321}
	EndGlobalSection
EndGlobal
